
Microsoft Visual Studio Solution File, Format Version 12.00
# Visual Studio Version 17
VisualStudioVersion = 17.4.33205.214
MinimumVisualStudioVersion = 10.0.40219.1
Project("{9A19103F-16F7-4668-BE54-9A1E7A4F7556}") = "Shopee Autobuy Bot", "ShopeeAutobuyBot\Shopee Autobuy Bot.csproj", "{F7E8753C-0304-42FA-BE34-9C708AFF1B9C}"
EndProject
Project("{FAE04EC0-301F-11D3-BF4B-00C04F79EFBC}") = "GetChromeVersion", "GetChromeVersion\GetChromeVersion.csproj", "{61594397-160F-44AF-AABB-D08CDE4C190B}"
EndProject
Global
	GlobalSection(SolutionConfigurationPlatforms) = preSolution
		Debug|Any CPU = Debug|Any CPU
		Release|Any CPU = Release|Any CPU
	EndGlobalSection
	GlobalSection(ProjectConfigurationPlatforms) = postSolution
		{F7E8753C-0304-42FA-BE34-9C708AFF1B9C}.Debug|Any CPU.ActiveCfg = Debug|Any CPU
		{F7E8753C-0304-42FA-BE34-9C708AFF1B9C}.Debug|Any CPU.Build.0 = Debug|Any CPU
		{F7E8753C-0304-42FA-BE34-9C708AFF1B9C}.Release|Any CPU.ActiveCfg = Release|Any CPU
		{F7E8753C-0304-42FA-BE34-9C708AFF1B9C}.Release|Any CPU.Build.0 = Release|Any CPU
		{61594397-160F-44AF-AABB-D08CDE4C190B}.Debug|Any CPU.ActiveCfg = Debug|Any CPU
		{61594397-160F-44AF-AABB-D08CDE4C190B}.Debug|Any CPU.Build.0 = Debug|Any CPU
		{61594397-160F-44AF-AABB-D08CDE4C190B}.Release|Any CPU.ActiveCfg = Release|Any CPU
		{61594397-160F-44AF-AABB-D08CDE4C190B}.Release|Any CPU.Build.0 = Release|Any CPU
	EndGlobalSection
	GlobalSection(SolutionProperties) = preSolution
		HideSolutionNode = FALSE
	EndGlobalSection
	GlobalSection(ExtensibilityGlobals) = postSolution
		SolutionGuid = {26258234-C8A9-4B2E-9283-3C4DB77C5051}
	EndGlobalSection
EndGlobal
